
Microsoft Visual Studio Solution File, Format Version 12.00
# Visual Studio Version 17
VisualStudioVersion = 17.9.34607.119
MinimumVisualStudioVersion = 10.0.40219.1
Project("{FAE04EC0-301F-11D3-BF4B-00C04F79EFBC}") = "TenantPOC", "TenantPOC\TenantPOC.csproj", "{15229CFB-FA20-4FE9-BD9C-6873CDEA5DBF}"
EndProject
Global
	GlobalSection(SolutionConfigurationPlatforms) = preSolution
		Debug|Any CPU = Debug|Any CPU
		Release|Any CPU = Release|Any CPU
	EndGlobalSection
	GlobalSection(ProjectConfigurationPlatforms) = postSolution
		{15229CFB-FA20-4FE9-BD9C-6873CDEA5DBF}.Debug|Any CPU.ActiveCfg = Debug|Any CPU
		{15229CFB-FA20-4FE9-BD9C-6873CDEA5DBF}.Debug|Any CPU.Build.0 = Debug|Any CPU
		{15229CFB-FA20-4FE9-BD9C-6873CDEA5DBF}.Release|Any CPU.ActiveCfg = Release|Any CPU
		{15229CFB-FA20-4FE9-BD9C-6873CDEA5DBF}.Release|Any CPU.Build.0 = Release|Any CPU
	EndGlobalSection
	GlobalSection(SolutionProperties) = preSolution
		HideSolutionNode = FALSE
	EndGlobalSection
	GlobalSection(ExtensibilityGlobals) = postSolution
		SolutionGuid = {C3EF3212-859A-41BF-B8A1-32A15631CAD3}
	EndGlobalSection
EndGlobal
